
Microsoft Visual Studio Solution File, Format Version 12.00
# Visual Studio Version 16
VisualStudioVersion = 16.0.31321.278
MinimumVisualStudioVersion = 10.0.40219.1
Project("{9A19103F-16F7-4668-BE54-9A1E7A4F7556}") = "WebApi", "WebApi\WebApi.csproj", "{526B4178-1491-47AD-81FD-3AFAB3A4C32F}"
EndProject
Project("{9A19103F-16F7-4668-BE54-9A1E7A4F7556}") = "webUI", "webUI\webUI.csproj", "{338F19C0-857B-435C-A3B5-44C8E064480E}"
EndProject
Global
	GlobalSection(SolutionConfigurationPlatforms) = preSolution
		Debug|Any CPU = Debug|Any CPU
		Release|Any CPU = Release|Any CPU
	EndGlobalSection
	GlobalSection(ProjectConfigurationPlatforms) = postSolution
		{526B4178-1491-47AD-81FD-3AFAB3A4C32F}.Debug|Any CPU.ActiveCfg = Debug|Any CPU
		{526B4178-1491-47AD-81FD-3AFAB3A4C32F}.Debug|Any CPU.Build.0 = Debug|Any CPU
		{526B4178-1491-47AD-81FD-3AFAB3A4C32F}.Release|Any CPU.ActiveCfg = Release|Any CPU
		{526B4178-1491-47AD-81FD-3AFAB3A4C32F}.Release|Any CPU.Build.0 = Release|Any CPU
		{338F19C0-857B-435C-A3B5-44C8E064480E}.Debug|Any CPU.ActiveCfg = Debug|Any CPU
		{338F19C0-857B-435C-A3B5-44C8E064480E}.Debug|Any CPU.Build.0 = Debug|Any CPU
		{338F19C0-857B-435C-A3B5-44C8E064480E}.Release|Any CPU.ActiveCfg = Release|Any CPU
		{338F19C0-857B-435C-A3B5-44C8E064480E}.Release|Any CPU.Build.0 = Release|Any CPU
	EndGlobalSection
	GlobalSection(SolutionProperties) = preSolution
		HideSolutionNode = FALSE
	EndGlobalSection
	GlobalSection(ExtensibilityGlobals) = postSolution
		SolutionGuid = {626F31C1-367B-482C-8C81-B7C9929C03DC}
	EndGlobalSection
EndGlobal
